schema: '2.0'
stages:
  split:
    cmd: python src/data/data_split.py
    deps:
    - path: data/raw/raw.csv
      hash: md5
      md5: 617b56af2992376d5c3e91ad80823898
      size: 333757
    - path: src/data/data_split.py
      hash: md5
      md5: 29a4c94339806d96875646a3eba3e9da
      size: 2941
    outs:
    - path: data/processed/X_test.csv
      hash: md5
      md5: d3be1be617366bc81a9254f075039b51
      size: 78770
    - path: data/processed/X_train.csv
      hash: md5
      md5: 38e9f56c92d20ee33257e3918c901e7e
      size: 183322
    - path: data/processed/y_test.csv
      hash: md5
      md5: e064ea83fe860a49b9e9cfab1e8ec5a7
      size: 9697
    - path: data/processed/y_train.csv
      hash: md5
      md5: 4f1097f0b9053f0a94904c047541877f
      size: 22710
  normalize:
    cmd: python src/data/normalize.py
    deps:
    - path: data/processed/X_test.csv
      hash: md5
      md5: d3be1be617366bc81a9254f075039b51
      size: 78770
    - path: data/processed/X_train.csv
      hash: md5
      md5: 38e9f56c92d20ee33257e3918c901e7e
      size: 183322
    - path: src/data/normalize.py
      hash: md5
      md5: 65e47ff589ab89a3801406197a06a234
      size: 2691
    outs:
    - path: data/processed/X_test_scaled.csv
      hash: md5
      md5: 87e56d31bd6451aa09a35bbc16f6c30c
      size: 83557
    - path: data/processed/X_train_scaled.csv
      hash: md5
      md5: de6634b3670e0421231dd8d8914e7977
      size: 194337
  gridsearch:
    cmd: python src/models/grid_search.py
    deps:
    - path: data/processed/X_train_scaled.csv
      hash: md5
      md5: de6634b3670e0421231dd8d8914e7977
      size: 194337
    - path: data/processed/y_train.csv
      hash: md5
      md5: 4f1097f0b9053f0a94904c047541877f
      size: 22710
    - path: src/models/grid_search.py
      hash: md5
      md5: ce663b822e8ef4ad17dc9cb8a0ec3cd2
      size: 874
    outs:
    - path: models/best_params.pkl
      hash: md5
      md5: b88ce9faaff136be466e1ea91332f24f
      size: 25
  training:
    cmd: python src/models/training.py
    deps:
    - path: data/processed/X_train_scaled.csv
      hash: md5
      md5: de6634b3670e0421231dd8d8914e7977
      size: 194337
    - path: data/processed/y_train.csv
      hash: md5
      md5: 4f1097f0b9053f0a94904c047541877f
      size: 22710
    - path: models/best_params.pkl
      hash: md5
      md5: b88ce9faaff136be466e1ea91332f24f
      size: 25
    - path: src/models/training.py
      hash: md5
      md5: fe348bed7553d3223bb2bfc9744af57e
      size: 832
    outs:
    - path: models/trained_model.pkl
      hash: md5
      md5: 3261744025742ae0f0d9529cc432d30a
      size: 697
  evaluate:
    cmd: python src/models/evaluate.py
    deps:
    - path: data/processed/X_test_scaled.csv
      hash: md5
      md5: 87e56d31bd6451aa09a35bbc16f6c30c
      size: 83557
    - path: data/processed/y_test.csv
      hash: md5
      md5: e064ea83fe860a49b9e9cfab1e8ec5a7
      size: 9697
    - path: models/trained_model.pkl
      hash: md5
      md5: 3261744025742ae0f0d9529cc432d30a
      size: 697
    - path: src/models/evaluate.py
      hash: md5
      md5: e8d7a36c671b664b2637e230b67637d4
      size: 1201
    outs:
    - path: data/predictions/predictions.csv
      hash: md5
      md5: 88eedb925b306f33d62cd6ca40316c4f
      size: 92423
    - path: metrics/scores.json
      hash: md5
      md5: 1b539e3a9db3660c17ba3280c579f728
      size: 53
